
Microsoft Visual Studio Solution File, Format Version 12.00
# Visual Studio 15
VisualStudioVersion = 15.0.28307.852
MinimumVisualStudioVersion = 10.0.40219.1
Project("{8BC9CEB8-8B4A-11D0-8D11-00A0C91BC942}") = "RtMidi", "RtMidi.vcxproj", "{74DF5EED-2A2F-490B-B3A6-BA9A794F9A79}"
EndProject
Global
	GlobalSection(SolutionConfigurationPlatforms) = preSolution
		Debug|x64 = Debug|x64
		Release|x64 = Release|x64
	EndGlobalSection
	GlobalSection(ProjectConfigurationPlatforms) = postSolution
		{74DF5EED-2A2F-490B-B3A6-BA9A794F9A79}.Debug|x64.ActiveCfg = Debug|x64
		{74DF5EED-2A2F-490B-B3A6-BA9A794F9A79}.Debug|x64.Build.0 = Debug|x64
		{74DF5EED-2A2F-490B-B3A6-BA9A794F9A79}.Release|x64.ActiveCfg = Release|x64
		{74DF5EED-2A2F-490B-B3A6-BA9A794F9A79}.Release|x64.Build.0 = Release|x64
	EndGlobalSection
	GlobalSection(SolutionProperties) = preSolution
		HideSolutionNode = FALSE
	EndGlobalSection
	GlobalSection(ExtensibilityGlobals) = postSolution
		SolutionGuid = {24F194F4-5673-49D0-89FD-9D990105B7C9}
	EndGlobalSection
EndGlobal
